dependencies:
- name: cert-manager-crds
  repository: file://../cert-manager-crds
  version: v1.9.1
- name: cert-manager
  repository: https://charts.jetstack.io
  version: v0.11.0
digest: sha256:76013461f588baa9ec45c9a97d7991c265b203275f036258cfc8651755534f56
generated: "2022-09-09T09:56:29.575740377-07:00"
