dependencies:
- name: prometheus
  repository: https://kubernetes-charts.storage.googleapis.com/
  version: 5.3.1
- name: mongodb-replicaset
  repository: https://kubernetes-charts.storage.googleapis.com/
  version: 2.2.1
- name: kafka
  repository: http://storage.googleapis.com/kubernetes-charts-incubator
  version: 0.7.1
- name: zookeeper
  repository: http://storage.googleapis.com/kubernetes-charts-incubator
  version: 1.0.0
- name: redis-ha
  repository: https://scality.github.io/charts/
  version: 3.0.0
- name: grafana
  repository: https://kubernetes-charts.storage.googleapis.com/
  version: 1.11.6
- name: backbeat
  repository: file://../backbeat
  version: 0.1.0
- name: s3-data
  repository: file://../s3-data
  version: 0.1.0
- name: cloudserver
  repository: file://../cloudserver
  version: 0.1.4
- name: zenko-nfs
  repository: file://../zenko-nfs
  version: 0.1.0
digest: sha256:363af8dcefc419dfc07445ad68e8c558c43db53fe92dbbf83f59bbb7dde6c94e
generated: 2018-07-31T17:10:52.83952767-07:00
