dependencies:
- name: zenko-zookeeper
  repository: https://scality.github.io/zenko-zookeeper/charts
  version: 0.0.6
- name: prometheus
  repository: https://kubernetes-charts.storage.googleapis.com/
  version: 5.0.2
- name: mongodb-replicaset
  repository: https://kubernetes-charts.storage.googleapis.com/
  version: 2.2.1
- name: backbeat-consumer
  repository: file://../backbeat-consumer
  version: 0.1.0
- name: backbeat-producer
  repository: file://../backbeat-producer
  version: 0.1.0
- name: kafka
  repository: file://../kafka
  version: 0.1.0
- name: redis
  repository: file://../redis
  version: 0.1.0
- name: s3-data
  repository: file://../s3-data
  version: 0.1.0
- name: cloudserver-front
  repository: file://../cloudserver-front
  version: 0.1.1
digest: sha256:74d76f0c7584cdcc5b48ee259ae389f3a894f9974f0fe59c90b2c9defc9c474e
generated: 2018-02-20T18:51:20.161815328-08:00
