dependencies:
- name: prometheus
  repository: https://kubernetes-charts.storage.googleapis.com/
  version: 5.3.1
- name: mongodb-replicaset
  repository: https://kubernetes-charts.storage.googleapis.com/
  version: 2.2.1
- name: redis
  repository: https://kubernetes-charts.storage.googleapis.com/
  version: 1.1.12
- name: kafka
  repository: http://storage.googleapis.com/kubernetes-charts-incubator
  version: 0.7.1
- name: zookeeper
  repository: http://storage.googleapis.com/kubernetes-charts-incubator
  version: 1.0.0
- name: redis-ha
  repository: https://kubernetes-charts.storage.googleapis.com/
  version: 2.2.0
- name: grafana
  repository: https://kubernetes-charts.storage.googleapis.com/
  version: 1.11.6
- name: backbeat
  repository: file://../backbeat
  version: 0.1.0
- name: s3-data
  repository: file://../s3-data
  version: 0.1.0
- name: cloudserver
  repository: file://../cloudserver
  version: 0.1.4
- name: zenko-nfs
  repository: file://../zenko-nfs
  version: 0.1.0
digest: sha256:5f39dededbbb0dcee5b08e2902027e21ccfb0d104ad7a5d1fa51321ec6911a23
generated: 2018-07-20T16:19:36.688649833-07:00
