{
  "name": "Test-dependencies",
  "version": "1.0.0-zenko",
  "lockfileVersion": 1,
  "requires": true,
  "dependencies": {
    "@google-cloud/common": {
      "version": "0.17.0",
      "resolved": "https://registry.npmjs.org/@google-cloud/common/-/common-0.17.0.tgz",
      "integrity": "sha512-HRZLSU762E6HaKoGfJGa8W95yRjb9rY7LePhjaHK9ILAnFacMuUGVamDbTHu1csZomm1g3tZTtXfX/aAhtie/Q==",
      "requires": {
        "array-uniq": "1.0.3",
        "arrify": "1.0.1",
        "concat-stream": "1.6.2",
        "create-error-class": "3.0.2",
        "duplexify": "3.6.0",
        "ent": "2.2.0",
        "extend": "3.0.1",
        "google-auto-auth": "0.10.1",
        "is": "3.2.1",
        "log-driver": "1.2.7",
        "methmeth": "1.1.0",
        "modelo": "4.2.3",
        "request": "2.87.0",
        "retry-request": "3.3.2",
        "split-array-stream": "1.0.3",
        "stream-events": "1.0.4",
        "string-format-obj": "1.1.1",
        "through2": "2.0.3"
      }
    },
    "@google-cloud/storage": {
      "version": "1.7.0",
      "resolved": "https://registry.npmjs.org/@google-cloud/storage/-/storage-1.7.0.tgz",
      "integrity": "sha512-QaAxzCkbhspwajoaEnT0GcnQcpjPRcBrHYuQsXtD05BtOJgVnHCLXSsfUiRdU0nVpK+Thp7+sTkQ0fvk5PanKg==",
      "requires": {
        "@google-cloud/common": "0.17.0",
        "arrify": "1.0.1",
        "async": "2.1.2",
        "compressible": "2.0.14",
        "concat-stream": "1.6.2",
        "create-error-class": "3.0.2",
        "duplexify": "3.6.0",
        "extend": "3.0.1",
        "gcs-resumable-upload": "0.10.2",
        "hash-stream-validation": "0.2.1",
        "is": "3.2.1",
        "mime": "2.3.1",
        "mime-types": "2.1.19",
        "once": "1.4.0",
        "pumpify": "1.5.1",
        "request": "2.87.0",
        "safe-buffer": "5.1.2",
        "snakeize": "0.1.0",
        "stream-events": "1.0.4",
        "through2": "2.0.3",
        "xdg-basedir": "3.0.0"
      }
    },
    "ajv": {
      "version": "5.5.2",
      "resolved": "https://registry.npmjs.org/ajv/-/ajv-5.5.2.tgz",
      "integrity": "sha1-c7Xuyj+rZT49P5Qis0GtQiBdyWU=",
      "requires": {
        "co": "4.6.0",
        "fast-deep-equal": "1.1.0",
        "fast-json-stable-stringify": "2.0.0",
        "json-schema-traverse": "0.3.1"
      }
    },
    "array-uniq": {
      "version": "1.0.3",
      "resolved": "https://registry.npmjs.org/array-uniq/-/array-uniq-1.0.3.tgz",
      "integrity": "sha1-r2rId6Jcx/dOBYiUdThY39sk/bY="
    },
    "arrify": {
      "version": "1.0.1",
      "resolved": "https://registry.npmjs.org/arrify/-/arrify-1.0.1.tgz",
      "integrity": "sha1-iYUI2iIm84DfkEcoRWhJwVAaSw0="
    },
    "asn1": {
      "version": "0.2.3",
      "resolved": "https://registry.npmjs.org/asn1/-/asn1-0.2.3.tgz",
      "integrity": "sha1-2sh4dxPJlmhJ/IGAd36+nB3fO4Y="
    },
    "assert-plus": {
      "version": "1.0.0",
      "resolved": "https://registry.npmjs.org/assert-plus/-/assert-plus-1.0.0.tgz",
      "integrity": "sha1-8S4PPF13sLHN2RRpQuTpbB5N1SU="
    },
    "async": {
      "version": "2.1.2",
      "resolved": "https://registry.npmjs.org/async/-/async-2.1.2.tgz",
      "integrity": "sha1-YSpKtF70KnDN6Aa62G7m2wR+g4U=",
      "requires": {
        "lodash": "4.17.10"
      }
    },
    "asynckit": {
      "version": "0.4.0",
      "resolved": "https://registry.npmjs.org/asynckit/-/asynckit-0.4.0.tgz",
      "integrity": "sha1-x57Zf380y48robyXkLzDZkdLS3k="
    },
    "aws-sdk": {
      "version": "2.28.0",
      "resolved": "https://registry.npmjs.org/aws-sdk/-/aws-sdk-2.28.0.tgz",
      "integrity": "sha1-C3YoxdSIIBhzMsWjCDWUXEH4T0Y=",
      "requires": {
        "buffer": "4.9.1",
        "crypto-browserify": "1.0.9",
        "jmespath": "0.15.0",
        "querystring": "0.2.0",
        "sax": "1.1.5",
        "url": "0.10.3",
        "uuid": "3.0.0",
        "xml2js": "0.4.15",
        "xmlbuilder": "2.6.2"
      }
    },
    "aws-sign2": {
      "version": "0.7.0",
      "resolved": "https://registry.npmjs.org/aws-sign2/-/aws-sign2-0.7.0.tgz",
      "integrity": "sha1-tG6JCTSpWR8tL2+G1+ap8bP+dqg="
    },
    "aws4": {
      "version": "1.7.0",
      "resolved": "https://registry.npmjs.org/aws4/-/aws4-1.7.0.tgz",
      "integrity": "sha512-32NDda82rhwD9/JBCCkB+MRYDp0oSvlo2IL6rQWA10PQi7tDUM3eqMSltXmY+Oyl/7N3P3qNtAlv7X0d9bI28w=="
    },
    "axios": {
      "version": "0.18.0",
      "resolved": "https://registry.npmjs.org/axios/-/axios-0.18.0.tgz",
      "integrity": "sha1-MtU+SFHv3AoRmTts0AB4nXDAUQI=",
      "requires": {
        "follow-redirects": "1.5.1",
        "is-buffer": "1.1.6"
      }
    },
    "azure-storage": {
      "version": "2.10.0",
      "resolved": "https://registry.npmjs.org/azure-storage/-/azure-storage-2.10.0.tgz",
      "integrity": "sha1-AgrDQyYsVVLvhlFsu3Z5JB6V5N4=",
      "requires": {
        "browserify-mime": "1.2.9",
        "extend": "1.2.1",
        "json-edm-parser": "0.1.2",
        "md5.js": "1.3.4",
        "readable-stream": "2.0.6",
        "request": "2.87.0",
        "underscore": "1.8.3",
        "uuid": "3.0.0",
        "validator": "9.4.1",
        "xml2js": "0.2.8",
        "xmlbuilder": "0.4.3"
      },
      "dependencies": {
        "extend": {
          "version": "1.2.1",
          "resolved": "https://registry.npmjs.org/extend/-/extend-1.2.1.tgz",
          "integrity": "sha1-oPX9bPyDpf5J72mNYOyKYk3UV2w="
        },
        "sax": {
          "version": "0.5.8",
          "resolved": "https://registry.npmjs.org/sax/-/sax-0.5.8.tgz",
          "integrity": "sha1-1HLbIo6zMcJQaw6MFVJK25OdEsE="
        },
        "xml2js": {
          "version": "0.2.8",
          "resolved": "https://registry.npmjs.org/xml2js/-/xml2js-0.2.8.tgz",
          "integrity": "sha1-m4FpCTFjH/CdGVdUn69U9PmAs8I=",
          "requires": {
            "sax": "0.5.8"
          }
        },
        "xmlbuilder": {
          "version": "0.4.3",
          "resolved": "https://registry.npmjs.org/xmlbuilder/-/xmlbuilder-0.4.3.tgz",
          "integrity": "sha1-xGFLp04K0ZbmCcknLNnh3bKKilg="
        }
      }
    },
    "base64-js": {
      "version": "1.3.0",
      "resolved": "https://registry.npmjs.org/base64-js/-/base64-js-1.3.0.tgz",
      "integrity": "sha512-ccav/yGvoa80BQDljCxsmmQ3Xvx60/UpBIij5QN21W3wBi/hhIC9OoO+KLpu9IJTS9j4DRVJ3aDDF9cMSoa2lw=="
    },
    "bcrypt-pbkdf": {
      "version": "1.0.2",
      "resolved": "https://registry.npmjs.org/bcrypt-pbkdf/-/bcrypt-pbkdf-1.0.2.tgz",
      "integrity": "sha1-pDAdOJtqQ/m2f/PKEaP2Y342Dp4=",
      "optional": true,
      "requires": {
        "tweetnacl": "0.14.5"
      }
    },
    "browserify-mime": {
      "version": "1.2.9",
      "resolved": "https://registry.npmjs.org/browserify-mime/-/browserify-mime-1.2.9.tgz",
      "integrity": "sha1-rrGvKN5sDXpqLOQK22j/GEIq8x8="
    },
    "buffer": {
      "version": "4.9.1",
      "resolved": "https://registry.npmjs.org/buffer/-/buffer-4.9.1.tgz",
      "integrity": "sha1-bRu2AbB6TvztlwlBMgkwJ8lbwpg=",
      "requires": {
        "base64-js": "1.3.0",
        "ieee754": "1.1.12",
        "isarray": "1.0.0"
      }
    },
    "buffer-equal-constant-time": {
      "version": "1.0.1",
      "resolved": "https://registry.npmjs.org/buffer-equal-constant-time/-/buffer-equal-constant-time-1.0.1.tgz",
      "integrity": "sha1-+OcRMvf/5uAaXJaXpMbz5I1cyBk="
    },
    "buffer-from": {
      "version": "1.1.0",
      "resolved": "https://registry.npmjs.org/buffer-from/-/buffer-from-1.1.0.tgz",
      "integrity": "sha512-c5mRlguI/Pe2dSZmpER62rSCu0ryKmWddzRYsuXc50U2/g8jMOulc31VZMa4mYx31U5xsmSOpDCgH88Vl9cDGQ=="
    },
    "capture-stack-trace": {
      "version": "1.0.0",
      "resolved": "https://registry.npmjs.org/capture-stack-trace/-/capture-stack-trace-1.0.0.tgz",
      "integrity": "sha1-Sm+gc5nCa7pH8LJJa00PtAjFVQ0="
    },
    "caseless": {
      "version": "0.12.0",
      "resolved": "https://registry.npmjs.org/caseless/-/caseless-0.12.0.tgz",
      "integrity": "sha1-G2gcIf+EAzyCZUMJBolCDRhxUdw="
    },
    "co": {
      "version": "4.6.0",
      "resolved": "https://registry.npmjs.org/co/-/co-4.6.0.tgz",
      "integrity": "sha1-bqa989hTrlTMuOR7+gvz+QMfsYQ="
    },
    "combined-stream": {
      "version": "1.0.6",
      "resolved": "https://registry.npmjs.org/combined-stream/-/combined-stream-1.0.6.tgz",
      "integrity": "sha1-cj599ugBrFYTETp+RFqbactjKBg=",
      "requires": {
        "delayed-stream": "1.0.0"
      }
    },
    "commander": {
      "version": "2.3.0",
      "resolved": "https://registry.npmjs.org/commander/-/commander-2.3.0.tgz",
      "integrity": "sha1-/UMOiJgy7DU7ms0d4hfBHLPu+HM="
    },
    "compressible": {
      "version": "2.0.14",
      "resolved": "https://registry.npmjs.org/compressible/-/compressible-2.0.14.tgz",
      "integrity": "sha1-MmxfUH+7BV9UEWeCuWmoG2einac=",
      "requires": {
        "mime-db": "1.35.0"
      }
    },
    "concat-stream": {
      "version": "1.6.2",
      "resolved": "https://registry.npmjs.org/concat-stream/-/concat-stream-1.6.2.tgz",
      "integrity": "sha512-27HBghJxjiZtIk3Ycvn/4kbJk/1uZuJFfuPEns6LaEvpvG1f0hTea8lilrouyo9mVc2GWdcEZ8OLoGmSADlrCw==",
      "requires": {
        "buffer-from": "1.1.0",
        "inherits": "2.0.3",
        "readable-stream": "2.3.6",
        "typedarray": "0.0.6"
      },
      "dependencies": {
        "process-nextick-args": {
          "version": "2.0.0",
          "resolved": "https://registry.npmjs.org/process-nextick-args/-/process-nextick-args-2.0.0.tgz",
          "integrity": "sha512-MtEC1TqN0EU5nephaJ4rAtThHtC86dNN9qCuEhtshvpVBkAW5ZO7BASN9REnF9eoXGcRub+pFuKEpOHE+HbEMw=="
        },
        "readable-stream": {
          "version": "2.3.6",
          "resolved": "https://registry.npmjs.org/readable-stream/-/readable-stream-2.3.6.tgz",
          "integrity": "sha512-tQtKA9WIAhBF3+VLAseyMqZeBjW0AHJoxOtYqSUZNJxauErmLbVm2FW1y+J/YA9dUrAC39ITejlZWhVIwawkKw==",
          "requires": {
            "core-util-is": "1.0.2",
            "inherits": "2.0.3",
            "isarray": "1.0.0",
            "process-nextick-args": "2.0.0",
            "safe-buffer": "5.1.2",
            "string_decoder": "1.1.1",
            "util-deprecate": "1.0.2"
          }
        },
        "string_decoder": {
          "version": "1.1.1",
          "resolved": "https://registry.npmjs.org/string_decoder/-/string_decoder-1.1.1.tgz",
          "integrity": "sha512-n/ShnvDi6FHbbVfviro+WojiFzv+s8MPMHBczVePfUpDJLwoLT0ht1l4YwBCbi8pJAveEEdnkHyPyTP/mzRfwg==",
          "requires": {
            "safe-buffer": "5.1.2"
          }
        }
      }
    },
    "configstore": {
      "version": "3.1.2",
      "resolved": "https://registry.npmjs.org/configstore/-/configstore-3.1.2.tgz",
      "integrity": "sha512-vtv5HtGjcYUgFrXc6Kx747B83MRRVS5R1VTEQoXvuP+kMI+if6uywV0nDGoiydJRy4yk7h9od5Og0kxx4zUXmw==",
      "requires": {
        "dot-prop": "4.2.0",
        "graceful-fs": "4.1.11",
        "make-dir": "1.3.0",
        "unique-string": "1.0.0",
        "write-file-atomic": "2.3.0",
        "xdg-basedir": "3.0.0"
      },
      "dependencies": {
        "graceful-fs": {
          "version": "4.1.11",
          "resolved": "https://registry.npmjs.org/graceful-fs/-/graceful-fs-4.1.11.tgz",
          "integrity": "sha1-Dovf5NHduIVNZOBOp8AOKgJuVlg="
        }
      }
    },
    "core-util-is": {
      "version": "1.0.2",
      "resolved": "https://registry.npmjs.org/core-util-is/-/core-util-is-1.0.2.tgz",
      "integrity": "sha1-tf1UIgqivFq1eqtxQMlAdUUDwac="
    },
    "create-error-class": {
      "version": "3.0.2",
      "resolved": "https://registry.npmjs.org/create-error-class/-/create-error-class-3.0.2.tgz",
      "integrity": "sha1-Br56vvlHo/FKMP1hBnHUAbyot7Y=",
      "requires": {
        "capture-stack-trace": "1.0.0"
      }
    },
    "crypto-browserify": {
      "version": "1.0.9",
      "resolved": "https://registry.npmjs.org/crypto-browserify/-/crypto-browserify-1.0.9.tgz",
      "integrity": "sha1-zFRJaF37hesRyYKKzHy4erW7/MA="
    },
    "crypto-random-string": {
      "version": "1.0.0",
      "resolved": "https://registry.npmjs.org/crypto-random-string/-/crypto-random-string-1.0.0.tgz",
      "integrity": "sha1-ojD2T1aDEOFJgAmUB5DsmVRbyn4="
    },
    "dashdash": {
      "version": "1.14.1",
      "resolved": "https://registry.npmjs.org/dashdash/-/dashdash-1.14.1.tgz",
      "integrity": "sha1-hTz6D3y+L+1d4gMmuN1YEDX24vA=",
      "requires": {
        "assert-plus": "1.0.0"
      }
    },
    "debug": {
      "version": "2.2.0",
      "resolved": "https://registry.npmjs.org/debug/-/debug-2.2.0.tgz",
      "integrity": "sha1-+HBX6ZWxofauaklgZkE3vFbwOdo=",
      "requires": {
        "ms": "0.7.1"
      }
    },
    "delayed-stream": {
      "version": "1.0.0",
      "resolved": "https://registry.npmjs.org/delayed-stream/-/delayed-stream-1.0.0.tgz",
      "integrity": "sha1-3zrhmayt+31ECqrgsp4icrJOxhk="
    },
    "diff": {
      "version": "1.4.0",
      "resolved": "https://registry.npmjs.org/diff/-/diff-1.4.0.tgz",
      "integrity": "sha1-fyjS657nsVqX79ic5j3P2qPMur8="
    },
    "dot-prop": {
      "version": "4.2.0",
      "resolved": "https://registry.npmjs.org/dot-prop/-/dot-prop-4.2.0.tgz",
      "integrity": "sha512-tUMXrxlExSW6U2EXiiKGSBVdYgtV8qlHL+C10TsW4PURY/ic+eaysnSkwB4kA/mBlCyy/IKDJ+Lc3wbWeaXtuQ==",
      "requires": {
        "is-obj": "1.0.1"
      }
    },
    "duplexify": {
      "version": "3.6.0",
      "resolved": "https://registry.npmjs.org/duplexify/-/duplexify-3.6.0.tgz",
      "integrity": "sha512-fO3Di4tBKJpYTFHAxTU00BcfWMY9w24r/x21a6rZRbsD/ToUgGxsMbiGRmB7uVAXeGKXD9MwiLZa5E97EVgIRQ==",
      "requires": {
        "end-of-stream": "1.4.1",
        "inherits": "2.0.3",
        "readable-stream": "2.0.6",
        "stream-shift": "1.0.0"
      }
    },
    "ecc-jsbn": {
      "version": "0.1.1",
      "resolved": "https://registry.npmjs.org/ecc-jsbn/-/ecc-jsbn-0.1.1.tgz",
      "integrity": "sha1-D8c6ntXw1Tw4GTOYUj735UN3dQU=",
      "optional": true,
      "requires": {
        "jsbn": "0.1.1"
      }
    },
    "ecdsa-sig-formatter": {
      "version": "1.0.10",
      "resolved": "https://registry.npmjs.org/ecdsa-sig-formatter/-/ecdsa-sig-formatter-1.0.10.tgz",
      "integrity": "sha1-HFlQAPBKiJffuFAAiSoPTDOvhsM=",
      "requires": {
        "safe-buffer": "5.1.2"
      }
    },
    "end-of-stream": {
      "version": "1.4.1",
      "resolved": "https://registry.npmjs.org/end-of-stream/-/end-of-stream-1.4.1.tgz",
      "integrity": "sha512-1MkrZNvWTKCaigbn+W15elq2BB/L22nqrSY5DKlo3X6+vclJm8Bb5djXJBmEX6fS3+zCh/F4VBK5Z2KxJt4s2Q==",
      "requires": {
        "once": "1.4.0"
      }
    },
    "ent": {
      "version": "2.2.0",
      "resolved": "https://registry.npmjs.org/ent/-/ent-2.2.0.tgz",
      "integrity": "sha1-6WQhkyWiHQX0RGai9obtbOX13R0="
    },
    "escape-string-regexp": {
      "version": "1.0.2",
      "resolved": "https://registry.npmjs.org/escape-string-regexp/-/escape-string-regexp-1.0.2.tgz",
      "integrity": "sha1-Tbwv5nTnGUnK8/smlc5/LcHZqNE="
    },
    "extend": {
      "version": "3.0.1",
      "resolved": "https://registry.npmjs.org/extend/-/extend-3.0.1.tgz",
      "integrity": "sha1-p1Xqe8Gt/MWjHOfnYtuq3F5jZEQ="
    },
    "extsprintf": {
      "version": "1.3.0",
      "resolved": "https://registry.npmjs.org/extsprintf/-/extsprintf-1.3.0.tgz",
      "integrity": "sha1-lpGEQOMEGnpBT4xS48V06zw+HgU="
    },
    "fast-deep-equal": {
      "version": "1.1.0",
      "resolved": "https://registry.npmjs.org/fast-deep-equal/-/fast-deep-equal-1.1.0.tgz",
      "integrity": "sha1-wFNHeBfIa1HaqFPIHgWbcz0CNhQ="
    },
    "fast-json-stable-stringify": {
      "version": "2.0.0",
      "resolved": "https://registry.npmjs.org/fast-json-stable-stringify/-/fast-json-stable-stringify-2.0.0.tgz",
      "integrity": "sha1-1RQsDK7msRifh9OnYREGT4bIu/I="
    },
    "follow-redirects": {
      "version": "1.5.1",
      "resolved": "https://registry.npmjs.org/follow-redirects/-/follow-redirects-1.5.1.tgz",
      "integrity": "sha512-v9GI1hpaqq1ZZR6pBD1+kI7O24PhDvNGNodjS3MdcEqyrahCp8zbtpv+2B/krUnSmUH80lbAS7MrdeK5IylgKg==",
      "requires": {
        "debug": "3.1.0"
      },
      "dependencies": {
        "debug": {
          "version": "3.1.0",
          "resolved": "https://registry.npmjs.org/debug/-/debug-3.1.0.tgz",
          "integrity": "sha512-OX8XqP7/1a9cqkxYw2yXss15f26NKWBpDXQd0/uK/KPqdQhxbPa994hnzjcE2VqQpDslf55723cKPUOGSmMY3g==",
          "requires": {
            "ms": "2.0.0"
          }
        },
        "ms": {
          "version": "2.0.0",
          "resolved": "https://registry.npmjs.org/ms/-/ms-2.0.0.tgz",
          "integrity": "sha1-VgiurfwAvmwpAd9fmGF4jeDVl8g="
        }
      }
    },
    "forever-agent": {
      "version": "0.6.1",
      "resolved": "https://registry.npmjs.org/forever-agent/-/forever-agent-0.6.1.tgz",
      "integrity": "sha1-+8cfDEGt6zf5bFd60e1C2P2sypE="
    },
    "form-data": {
      "version": "2.3.2",
      "resolved": "https://registry.npmjs.org/form-data/-/form-data-2.3.2.tgz",
      "integrity": "sha1-SXBJi+YEwgwAXU9cI67NIda0kJk=",
      "requires": {
        "asynckit": "0.4.0",
        "combined-stream": "1.0.6",
        "mime-types": "2.1.19"
      }
    },
    "gcp-metadata": {
      "version": "0.6.3",
      "resolved": "https://registry.npmjs.org/gcp-metadata/-/gcp-metadata-0.6.3.tgz",
      "integrity": "sha512-MSmczZctbz91AxCvqp9GHBoZOSbJKAICV7Ow/AIWSJZRrRchUd5NL1b2P4OfP+4m490BEUPhhARfpHdqCxuCvg==",
      "requires": {
        "axios": "0.18.0",
        "extend": "3.0.1",
        "retry-axios": "0.3.2"
      }
    },
    "gcs-resumable-upload": {
      "version": "0.10.2",
      "resolved": "https://registry.npmjs.org/gcs-resumable-upload/-/gcs-resumable-upload-0.10.2.tgz",
      "integrity": "sha1-fymz7iPc7EFwNnwHEUGCScZgVF8=",
      "requires": {
        "configstore": "3.1.2",
        "google-auto-auth": "0.10.1",
        "pumpify": "1.5.1",
        "request": "2.87.0",
        "stream-events": "1.0.4"
      }
    },
    "getpass": {
      "version": "0.1.7",
      "resolved": "https://registry.npmjs.org/getpass/-/getpass-0.1.7.tgz",
      "integrity": "sha1-Xv+OPmhNVprkyysSgmBOi6YhSfo=",
      "requires": {
        "assert-plus": "1.0.0"
      }
    },
    "glob": {
      "version": "3.2.3",
      "resolved": "https://registry.npmjs.org/glob/-/glob-3.2.3.tgz",
      "integrity": "sha1-4xPusknHr/qlxHUoaw4RW1mDlGc=",
      "requires": {
        "graceful-fs": "2.0.3",
        "inherits": "2.0.3",
        "minimatch": "0.2.14"
      }
    },
    "google-auth-library": {
      "version": "1.6.1",
      "resolved": "https://registry.npmjs.org/google-auth-library/-/google-auth-library-1.6.1.tgz",
      "integrity": "sha512-jYiWC8NA9n9OtQM7ANn0Tk464do9yhKEtaJ72pKcaBiEwn4LwcGYIYOfwtfsSm3aur/ed3tlSxbmg24IAT6gAg==",
      "requires": {
        "axios": "0.18.0",
        "gcp-metadata": "0.6.3",
        "gtoken": "2.3.0",
        "jws": "3.1.5",
        "lodash.isstring": "4.0.1",
        "lru-cache": "4.1.3",
        "retry-axios": "0.3.2"
      },
      "dependencies": {
        "lru-cache": {
          "version": "4.1.3",
          "resolved": "https://registry.npmjs.org/lru-cache/-/lru-cache-4.1.3.tgz",
          "integrity": "sha512-fFEhvcgzuIoJVUF8fYr5KR0YqxD238zgObTps31YdADwPPAp82a4M8TrckkWyx7ekNlf9aBcVn81cFwwXngrJA==",
          "requires": {
            "pseudomap": "1.0.2",
            "yallist": "2.1.2"
          }
        }
      }
    },
    "google-auto-auth": {
      "version": "0.10.1",
      "resolved": "https://registry.npmjs.org/google-auto-auth/-/google-auto-auth-0.10.1.tgz",
      "integrity": "sha512-iIqSbY7Ypd32mnHGbYctp80vZzXoDlvI9gEfvtl3kmyy5HzOcrZCIGCBdSlIzRsg7nHpQiHE3Zl6Ycur6TSodQ==",
      "requires": {
        "async": "2.6.1",
        "gcp-metadata": "0.6.3",
        "google-auth-library": "1.6.1",
        "request": "2.87.0"
      },
      "dependencies": {
        "async": {
          "version": "2.6.1",
          "resolved": "https://registry.npmjs.org/async/-/async-2.6.1.tgz",
          "integrity": "sha512-fNEiL2+AZt6AlAw/29Cr0UDe4sRAHCpEHh54WMz+Bb7QfNcFw4h3loofyJpLeQs4Yx7yuqu/2dLgM5hKOs6HlQ==",
          "requires": {
            "lodash": "4.17.10"
          }
        }
      }
    },
    "google-p12-pem": {
      "version": "1.0.2",
      "resolved": "https://registry.npmjs.org/google-p12-pem/-/google-p12-pem-1.0.2.tgz",
      "integrity": "sha512-+EuKr4CLlGsnXx4XIJIVkcKYrsa2xkAmCvxRhX2HsazJzUBAJ35wARGeApHUn4nNfPD03Vl057FskNr20VaCyg==",
      "requires": {
        "node-forge": "0.7.5",
        "pify": "3.0.0"
      }
    },
    "graceful-fs": {
      "version": "2.0.3",
      "resolved": "https://registry.npmjs.org/graceful-fs/-/graceful-fs-2.0.3.tgz",
      "integrity": "sha1-fNLNsiiko/Nule+mzBQt59GhNtA="
    },
    "growl": {
      "version": "1.8.1",
      "resolved": "https://registry.npmjs.org/growl/-/growl-1.8.1.tgz",
      "integrity": "sha1-Sy3sjZB+k9szZiTc7AGDUC+MlCg="
    },
    "gtoken": {
      "version": "2.3.0",
      "resolved": "https://registry.npmjs.org/gtoken/-/gtoken-2.3.0.tgz",
      "integrity": "sha512-Jc9/8mV630cZE9FC5tIlJCZNdUjwunvlwOtCz6IDlaiB4Sz68ki29a1+q97sWTnTYroiuF9B135rod9zrQdHLw==",
      "requires": {
        "axios": "0.18.0",
        "google-p12-pem": "1.0.2",
        "jws": "3.1.5",
        "mime": "2.3.1",
        "pify": "3.0.0"
      }
    },
    "har-schema": {
      "version": "2.0.0",
      "resolved": "https://registry.npmjs.org/har-schema/-/har-schema-2.0.0.tgz",
      "integrity": "sha1-qUwiJOvKwEeCoNkDVSHyRzW37JI="
    },
    "har-validator": {
      "version": "5.0.3",
      "resolved": "https://registry.npmjs.org/har-validator/-/har-validator-5.0.3.tgz",
      "integrity": "sha1-ukAsJmGU8VlW7xXg/PJCmT9qff0=",
      "requires": {
        "ajv": "5.5.2",
        "har-schema": "2.0.0"
      }
    },
    "hash-base": {
      "version": "3.0.4",
      "resolved": "https://registry.npmjs.org/hash-base/-/hash-base-3.0.4.tgz",
      "integrity": "sha1-X8hoaEfs1zSZQDMZprCj8/auSRg=",
      "requires": {
        "inherits": "2.0.3",
        "safe-buffer": "5.1.2"
      }
    },
    "hash-stream-validation": {
      "version": "0.2.1",
      "resolved": "https://registry.npmjs.org/hash-stream-validation/-/hash-stream-validation-0.2.1.tgz",
      "integrity": "sha1-7Mm5l7IYvluzEphii7gHhptz3NE=",
      "requires": {
        "through2": "2.0.3"
      }
    },
    "http-signature": {
      "version": "1.2.0",
      "resolved": "https://registry.npmjs.org/http-signature/-/http-signature-1.2.0.tgz",
      "integrity": "sha1-muzZJRFHcvPZW2WmCruPfBj7rOE=",
      "requires": {
        "assert-plus": "1.0.0",
        "jsprim": "1.4.1",
        "sshpk": "1.14.2"
      }
    },
    "ieee754": {
      "version": "1.1.12",
      "resolved": "https://registry.npmjs.org/ieee754/-/ieee754-1.1.12.tgz",
      "integrity": "sha512-GguP+DRY+pJ3soyIiGPTvdiVXjZ+DbXOxGpXn3eMvNW4x4irjqXm4wHKscC+TfxSJ0yw/S1F24tqdMNsMZTiLA=="
    },
    "imurmurhash": {
      "version": "0.1.4",
      "resolved": "https://registry.npmjs.org/imurmurhash/-/imurmurhash-0.1.4.tgz",
      "integrity": "sha1-khi5srkoojixPcT7a21XbyMUU+o="
    },
    "inherits": {
      "version": "2.0.3",
      "resolved": "https://registry.npmjs.org/inherits/-/inherits-2.0.3.tgz",
      "integrity": "sha1-Yzwsg+PaQqUC9SRmAiSA9CCCYd4="
    },
    "is": {
      "version": "3.2.1",
      "resolved": "https://registry.npmjs.org/is/-/is-3.2.1.tgz",
      "integrity": "sha1-0Kwq1V63sL7JJqUmb2xmKqqD3KU="
    },
    "is-buffer": {
      "version": "1.1.6",
      "resolved": "https://registry.npmjs.org/is-buffer/-/is-buffer-1.1.6.tgz",
      "integrity": "sha512-NcdALwpXkTm5Zvvbk7owOUSvVvBKDgKP5/ewfXEznmQFfs4ZRmanOeKBTjRVjka3QFoN6XJ+9F3USqfHqTaU5w=="
    },
    "is-obj": {
      "version": "1.0.1",
      "resolved": "https://registry.npmjs.org/is-obj/-/is-obj-1.0.1.tgz",
      "integrity": "sha1-PkcprB9f3gJc19g6iW2rn09n2w8="
    },
    "is-stream-ended": {
      "version": "0.1.4",
      "resolved": "https://registry.npmjs.org/is-stream-ended/-/is-stream-ended-0.1.4.tgz",
      "integrity": "sha512-xj0XPvmr7bQFTvirqnFr50o0hQIh6ZItDqloxt5aJrR4NQsYeSsyFQERYGCAzfindAcnKjINnwEEgLx4IqVzQw=="
    },
    "is-typedarray": {
      "version": "1.0.0",
      "resolved": "https://registry.npmjs.org/is-typedarray/-/is-typedarray-1.0.0.tgz",
      "integrity": "sha1-5HnICFjfDBsR3dppQPlgEfzaSpo="
    },
    "isarray": {
      "version": "1.0.0",
      "resolved": "https://registry.npmjs.org/isarray/-/isarray-1.0.0.tgz",
      "integrity": "sha1-u5NdSFgsuhaMBoNJV6VKPgcSTxE="
    },
    "isstream": {
      "version": "0.1.2",
      "resolved": "https://registry.npmjs.org/isstream/-/isstream-0.1.2.tgz",
      "integrity": "sha1-R+Y/evVa+m+S4VAOaQ64uFKcCZo="
    },
    "jade": {
      "version": "0.26.3",
      "resolved": "https://registry.npmjs.org/jade/-/jade-0.26.3.tgz",
      "integrity": "sha1-jxDXl32NefL2/4YqgbBRPMslaGw=",
      "requires": {
        "commander": "0.6.1",
        "mkdirp": "0.3.0"
      },
      "dependencies": {
        "commander": {
          "version": "0.6.1",
          "resolved": "https://registry.npmjs.org/commander/-/commander-0.6.1.tgz",
          "integrity": "sha1-+mihT2qUXVTbvlDYzbMyDp47GgY="
        },
        "mkdirp": {
          "version": "0.3.0",
          "resolved": "https://registry.npmjs.org/mkdirp/-/mkdirp-0.3.0.tgz",
          "integrity": "sha1-G79asbqCevI1dRQ0kEJkVfSB/h4="
        }
      }
    },
    "jmespath": {
      "version": "0.15.0",
      "resolved": "https://registry.npmjs.org/jmespath/-/jmespath-0.15.0.tgz",
      "integrity": "sha1-o/Iiqarp+Wb10nx5ZRDigJF2Qhc="
    },
    "jsbn": {
      "version": "0.1.1",
      "resolved": "https://registry.npmjs.org/jsbn/-/jsbn-0.1.1.tgz",
      "integrity": "sha1-peZUwuWi3rXyAdls77yoDA7y9RM=",
      "optional": true
    },
    "json-edm-parser": {
      "version": "0.1.2",
      "resolved": "https://registry.npmjs.org/json-edm-parser/-/json-edm-parser-0.1.2.tgz",
      "integrity": "sha1-HmCw/vG8CvZ7wNFG393lSGzWFbQ=",
      "requires": {
        "jsonparse": "1.2.0"
      }
    },
    "json-schema": {
      "version": "0.2.3",
      "resolved": "https://registry.npmjs.org/json-schema/-/json-schema-0.2.3.tgz",
      "integrity": "sha1-tIDIkuWaLwWVTOcnvT8qTogvnhM="
    },
    "json-schema-traverse": {
      "version": "0.3.1",
      "resolved": "https://registry.npmjs.org/json-schema-traverse/-/json-schema-traverse-0.3.1.tgz",
      "integrity": "sha1-NJptRMU6Ud6JtAgFxdXlm0F9M0A="
    },
    "json-stringify-safe": {
      "version": "5.0.1",
      "resolved": "https://registry.npmjs.org/json-stringify-safe/-/json-stringify-safe-5.0.1.tgz",
      "integrity": "sha1-Epai1Y/UXxmg9s4B1lcB4sc1tus="
    },
    "jsonparse": {
      "version": "1.2.0",
      "resolved": "https://registry.npmjs.org/jsonparse/-/jsonparse-1.2.0.tgz",
      "integrity": "sha1-XAxWhRBxYOcv50ib3eoLRMK8Z70="
    },
    "jsprim": {
      "version": "1.4.1",
      "resolved": "https://registry.npmjs.org/jsprim/-/jsprim-1.4.1.tgz",
      "integrity": "sha1-MT5mvB5cwG5Di8G3SZwuXFastqI=",
      "requires": {
        "assert-plus": "1.0.0",
        "extsprintf": "1.3.0",
        "json-schema": "0.2.3",
        "verror": "1.10.0"
      }
    },
    "jwa": {
      "version": "1.1.6",
      "resolved": "https://registry.npmjs.org/jwa/-/jwa-1.1.6.tgz",
      "integrity": "sha512-tBO/cf++BUsJkYql/kBbJroKOgHWEigTKBAjjBEmrMGYd1QMBC74Hr4Wo2zCZw6ZrVhlJPvoMrkcOnlWR/DJfw==",
      "requires": {
        "buffer-equal-constant-time": "1.0.1",
        "ecdsa-sig-formatter": "1.0.10",
        "safe-buffer": "5.1.2"
      }
    },
    "jws": {
      "version": "3.1.5",
      "resolved": "https://registry.npmjs.org/jws/-/jws-3.1.5.tgz",
      "integrity": "sha512-GsCSexFADNQUr8T5HPJvayTjvPIfoyJPtLQBwn5a4WZQchcrPMPMAWcC1AzJVRDKyD6ZPROPAxgv6rfHViO4uQ==",
      "requires": {
        "jwa": "1.1.6",
        "safe-buffer": "5.1.2"
      }
    },
    "lodash": {
      "version": "4.17.10",
      "resolved": "https://registry.npmjs.org/lodash/-/lodash-4.17.10.tgz",
      "integrity": "sha512-UejweD1pDoXu+AD825lWwp4ZGtSwgnpZxb3JDViD7StjQz+Nb/6l093lx4OQ0foGWNRoc19mWy7BzL+UAK2iVg=="
    },
    "lodash.isstring": {
      "version": "4.0.1",
      "resolved": "https://registry.npmjs.org/lodash.isstring/-/lodash.isstring-4.0.1.tgz",
      "integrity": "sha1-1SfftUVuynzJu5XV2ur4i6VKVFE="
    },
    "log-driver": {
      "version": "1.2.7",
      "resolved": "https://registry.npmjs.org/log-driver/-/log-driver-1.2.7.tgz",
      "integrity": "sha512-U7KCmLdqsGHBLeWqYlFA0V0Sl6P08EE1ZrmA9cxjUE0WVqT9qnyVDPz1kzpFEP0jdJuFnasWIfSd7fsaNXkpbg=="
    },
    "lru-cache": {
      "version": "2.7.3",
      "resolved": "https://registry.npmjs.org/lru-cache/-/lru-cache-2.7.3.tgz",
      "integrity": "sha1-bUUk6LlV+V1PW1iFHOId1y+06VI="
    },
    "make-dir": {
      "version": "1.3.0",
      "resolved": "https://registry.npmjs.org/make-dir/-/make-dir-1.3.0.tgz",
      "integrity": "sha512-2w31R7SJtieJJnQtGc7RVL2StM2vGYVfqUOvUDxH6bC6aJTxPxTF0GnIgCyu7tjockiUWAYQRbxa7vKn34s5sQ==",
      "requires": {
        "pify": "3.0.0"
      }
    },
    "md5.js": {
      "version": "1.3.4",
      "resolved": "https://registry.npmjs.org/md5.js/-/md5.js-1.3.4.tgz",
      "integrity": "sha1-6b296UogpawYsENA/Fdk1bCdkB0=",
      "requires": {
        "hash-base": "3.0.4",
        "inherits": "2.0.3"
      }
    },
    "methmeth": {
      "version": "1.1.0",
      "resolved": "https://registry.npmjs.org/methmeth/-/methmeth-1.1.0.tgz",
      "integrity": "sha1-6AomYY5S9cQiKGG7dIUQvRDikIk="
    },
    "mime": {
      "version": "2.3.1",
      "resolved": "https://registry.npmjs.org/mime/-/mime-2.3.1.tgz",
      "integrity": "sha512-OEUllcVoydBHGN1z84yfQDimn58pZNNNXgZlHXSboxMlFvgI6MXSWpWKpFRra7H1HxpVhHTkrghfRW49k6yjeg=="
    },
    "mime-db": {
      "version": "1.35.0",
      "resolved": "https://registry.npmjs.org/mime-db/-/mime-db-1.35.0.tgz",
      "integrity": "sha512-JWT/IcCTsB0Io3AhWUMjRqucrHSPsSf2xKLaRldJVULioggvkJvggZ3VXNNSRkCddE6D+BUI4HEIZIA2OjwIvg=="
    },
    "mime-types": {
      "version": "2.1.19",
      "resolved": "https://registry.npmjs.org/mime-types/-/mime-types-2.1.19.tgz",
      "integrity": "sha512-P1tKYHVSZ6uFo26mtnve4HQFE3koh1UWVkp8YUC+ESBHe945xWSoXuHHiGarDqcEZ+whpCDnlNw5LON0kLo+sw==",
      "requires": {
        "mime-db": "1.35.0"
      }
    },
    "minimatch": {
      "version": "0.2.14",
      "resolved": "https://registry.npmjs.org/minimatch/-/minimatch-0.2.14.tgz",
      "integrity": "sha1-x054BXT2PG+aCQ6Q775u9TpqdWo=",
      "requires": {
        "lru-cache": "2.7.3",
        "sigmund": "1.0.1"
      }
    },
    "minimist": {
      "version": "0.0.8",
      "resolved": "https://registry.npmjs.org/minimist/-/minimist-0.0.8.tgz",
      "integrity": "sha1-hX/Kv8M5fSYluCKCYuhqp6ARsF0="
    },
    "mkdirp": {
      "version": "0.5.0",
      "resolved": "https://registry.npmjs.org/mkdirp/-/mkdirp-0.5.0.tgz",
      "integrity": "sha1-HXMHam35hs2TROFecfzAWkyavxI=",
      "requires": {
        "minimist": "0.0.8"
      }
    },
    "mocha": {
      "version": "2.3.4",
      "resolved": "https://registry.npmjs.org/mocha/-/mocha-2.3.4.tgz",
      "integrity": "sha1-himm+wRPLSJapLgaKuLQAWmesmY=",
      "requires": {
        "commander": "2.3.0",
        "debug": "2.2.0",
        "diff": "1.4.0",
        "escape-string-regexp": "1.0.2",
        "glob": "3.2.3",
        "growl": "1.8.1",
        "jade": "0.26.3",
        "mkdirp": "0.5.0",
        "supports-color": "1.2.0"
      }
    },
    "modelo": {
      "version": "4.2.3",
      "resolved": "https://registry.npmjs.org/modelo/-/modelo-4.2.3.tgz",
      "integrity": "sha512-9DITV2YEMcw7XojdfvGl3gDD8J9QjZTJ7ZOUuSAkP+F3T6rDbzMJuPktxptsdHYEvZcmXrCD3LMOhdSAEq6zKA=="
    },
    "ms": {
      "version": "0.7.1",
      "resolved": "https://registry.npmjs.org/ms/-/ms-0.7.1.tgz",
      "integrity": "sha1-nNE8A62/8ltl7/3nzoZO6VIBcJg="
    },
    "node-forge": {
      "version": "0.7.5",
      "resolved": "https://registry.npmjs.org/node-forge/-/node-forge-0.7.5.tgz",
      "integrity": "sha512-MmbQJ2MTESTjt3Gi/3yG1wGpIMhUfcIypUCGtTizFR9IiccFwxSpfp0vtIZlkFclEqERemxfnSdZEMR9VqqEFQ=="
    },
    "oauth-sign": {
      "version": "0.8.2",
      "resolved": "https://registry.npmjs.org/oauth-sign/-/oauth-sign-0.8.2.tgz",
      "integrity": "sha1-Rqarfwrq2N6unsBWV4C31O/rnUM="
    },
    "once": {
      "version": "1.4.0",
      "resolved": "https://registry.npmjs.org/once/-/once-1.4.0.tgz",
      "integrity": "sha1-WDsap3WWHUsROsF9nFC6753Xa9E=",
      "requires": {
        "wrappy": "1.0.2"
      }
    },
    "performance-now": {
      "version": "2.1.0",
      "resolved": "https://registry.npmjs.org/performance-now/-/performance-now-2.1.0.tgz",
      "integrity": "sha1-Ywn04OX6kT7BxpMHrjZLSzd8nns="
    },
    "pify": {
      "version": "3.0.0",
      "resolved": "https://registry.npmjs.org/pify/-/pify-3.0.0.tgz",
      "integrity": "sha1-5aSs0sEB/fPZpNB/DbxNtJ3SgXY="
    },
    "process-nextick-args": {
      "version": "1.0.7",
      "resolved": "https://registry.npmjs.org/process-nextick-args/-/process-nextick-args-1.0.7.tgz",
      "integrity": "sha1-FQ4gt1ZZCtP5EJPyWk8q2L/zC6M="
    },
    "pseudomap": {
      "version": "1.0.2",
      "resolved": "https://registry.npmjs.org/pseudomap/-/pseudomap-1.0.2.tgz",
      "integrity": "sha1-8FKijacOYYkX7wqKw0wa5aaChrM="
    },
    "pump": {
      "version": "2.0.1",
      "resolved": "https://registry.npmjs.org/pump/-/pump-2.0.1.tgz",
      "integrity": "sha512-ruPMNRkN3MHP1cWJc9OWr+T/xDP0jhXYCLfJcBuX54hhfIBnaQmAUMfDcG4DM5UMWByBbJY69QSphm3jtDKIkA==",
      "requires": {
        "end-of-stream": "1.4.1",
        "once": "1.4.0"
      }
    },
    "pumpify": {
      "version": "1.5.1",
      "resolved": "https://registry.npmjs.org/pumpify/-/pumpify-1.5.1.tgz",
      "integrity": "sha512-oClZI37HvuUJJxSKKrC17bZ9Cu0ZYhEAGPsPUy9KlMUmv9dKX2o77RUmq7f3XjIxbwyGwYzbzQ1L2Ks8sIradQ==",
      "requires": {
        "duplexify": "3.6.0",
        "inherits": "2.0.3",
        "pump": "2.0.1"
      }
    },
    "punycode": {
      "version": "1.3.2",
      "resolved": "https://registry.npmjs.org/punycode/-/punycode-1.3.2.tgz",
      "integrity": "sha1-llOgNvt8HuQjQvIyXM7v6jkmxI0="
    },
    "qs": {
      "version": "6.5.2",
      "resolved": "https://registry.npmjs.org/qs/-/qs-6.5.2.tgz",
      "integrity": "sha512-N5ZAX4/LxJmF+7wN74pUD6qAh9/wnvdQcjq9TZjevvXzSUo7bfmw91saqMjzGS2xq91/odN2dW/WOl7qQHNDGA=="
    },
    "querystring": {
      "version": "0.2.0",
      "resolved": "https://registry.npmjs.org/querystring/-/querystring-0.2.0.tgz",
      "integrity": "sha1-sgmEkgO7Jd+CDadW50cAWHhSFiA="
    },
    "readable-stream": {
      "version": "2.0.6",
      "resolved": "https://registry.npmjs.org/readable-stream/-/readable-stream-2.0.6.tgz",
      "integrity": "sha1-j5A0HmilPMySh4jaz80Rs265t44=",
      "requires": {
        "core-util-is": "1.0.2",
        "inherits": "2.0.3",
        "isarray": "1.0.0",
        "process-nextick-args": "1.0.7",
        "string_decoder": "0.10.31",
        "util-deprecate": "1.0.2"
      }
    },
    "request": {
      "version": "2.87.0",
      "resolved": "https://registry.npmjs.org/request/-/request-2.87.0.tgz",
      "integrity": "sha512-fcogkm7Az5bsS6Sl0sibkbhcKsnyon/jV1kF3ajGmF0c8HrttdKTPRT9hieOaQHA5HEq6r8OyWOo/o781C1tNw==",
      "requires": {
        "aws-sign2": "0.7.0",
        "aws4": "1.7.0",
        "caseless": "0.12.0",
        "combined-stream": "1.0.6",
        "extend": "3.0.1",
        "forever-agent": "0.6.1",
        "form-data": "2.3.2",
        "har-validator": "5.0.3",
        "http-signature": "1.2.0",
        "is-typedarray": "1.0.0",
        "isstream": "0.1.2",
        "json-stringify-safe": "5.0.1",
        "mime-types": "2.1.19",
        "oauth-sign": "0.8.2",
        "performance-now": "2.1.0",
        "qs": "6.5.2",
        "safe-buffer": "5.1.2",
        "tough-cookie": "2.3.4",
        "tunnel-agent": "0.6.0",
        "uuid": "3.3.2"
      },
      "dependencies": {
        "uuid": {
          "version": "3.3.2",
          "resolved": "https://registry.npmjs.org/uuid/-/uuid-3.3.2.tgz",
          "integrity": "sha512-yXJmeNaw3DnnKAOKJE51sL/ZaYfWJRl1pK9dr19YFCu0ObS231AB1/LbqTKRAQ5kw8A90rA6fr4riOUpTZvQZA=="
        }
      }
    },
    "retry-axios": {
      "version": "0.3.2",
      "resolved": "https://registry.npmjs.org/retry-axios/-/retry-axios-0.3.2.tgz",
      "integrity": "sha512-jp4YlI0qyDFfXiXGhkCOliBN1G7fRH03Nqy8YdShzGqbY5/9S2x/IR6C88ls2DFkbWuL3ASkP7QD3pVrNpPgwQ=="
    },
    "retry-request": {
      "version": "3.3.2",
      "resolved": "https://registry.npmjs.org/retry-request/-/retry-request-3.3.2.tgz",
      "integrity": "sha512-WIiGp37XXDC6e7ku3LFoi7LCL/Gs9luGeeqvbPRb+Zl6OQMw4RCRfSaW+aLfE6lhz1R941UavE6Svl3Dm5xGIQ==",
      "requires": {
        "request": "2.87.0",
        "through2": "2.0.3"
      }
    },
    "safe-buffer": {
      "version": "5.1.2",
      "resolved": "https://registry.npmjs.org/safe-buffer/-/safe-buffer-5.1.2.tgz",
      "integrity": "sha512-Gd2UZBJDkXlY7GbJxfsE8/nvKkUEU1G38c1siN6QP6a9PT9MmHB8GnpscSmMJSoF8LOIrt8ud/wPtojys4G6+g=="
    },
    "safer-buffer": {
      "version": "2.1.2",
      "resolved": "https://registry.npmjs.org/safer-buffer/-/safer-buffer-2.1.2.tgz",
      "integrity": "sha512-YZo3K82SD7Riyi0E1EQPojLz7kpepnSQI9IyPbHHg1XXXevb5dJI7tpyN2ADxGcQbHG7vcyRHk0cbwqcQriUtg=="
    },
    "sax": {
      "version": "1.1.5",
      "resolved": "https://registry.npmjs.org/sax/-/sax-1.1.5.tgz",
      "integrity": "sha1-HaUKjQDN7NWUBWWfX/hTSf53N0M="
    },
    "sigmund": {
      "version": "1.0.1",
      "resolved": "https://registry.npmjs.org/sigmund/-/sigmund-1.0.1.tgz",
      "integrity": "sha1-P/IfGYytIXX587eBhT/ZTQ0ZtZA="
    },
    "signal-exit": {
      "version": "3.0.2",
      "resolved": "https://registry.npmjs.org/signal-exit/-/signal-exit-3.0.2.tgz",
      "integrity": "sha1-tf3AjxKH6hF4Yo5BXiUTK3NkbG0="
    },
    "snakeize": {
      "version": "0.1.0",
      "resolved": "https://registry.npmjs.org/snakeize/-/snakeize-0.1.0.tgz",
      "integrity": "sha1-EMCI2LWOsHazIpu1oE4jLOEmQi0="
    },
    "split-array-stream": {
      "version": "1.0.3",
      "resolved": "https://registry.npmjs.org/split-array-stream/-/split-array-stream-1.0.3.tgz",
      "integrity": "sha1-0rdajl4Ngk1S/eyLgiWDncLjXfo=",
      "requires": {
        "async": "2.6.1",
        "is-stream-ended": "0.1.4"
      },
      "dependencies": {
        "async": {
          "version": "2.6.1",
          "resolved": "https://registry.npmjs.org/async/-/async-2.6.1.tgz",
          "integrity": "sha512-fNEiL2+AZt6AlAw/29Cr0UDe4sRAHCpEHh54WMz+Bb7QfNcFw4h3loofyJpLeQs4Yx7yuqu/2dLgM5hKOs6HlQ==",
          "requires": {
            "lodash": "4.17.10"
          }
        }
      }
    },
    "sshpk": {
      "version": "1.14.2",
      "resolved": "https://registry.npmjs.org/sshpk/-/sshpk-1.14.2.tgz",
      "integrity": "sha1-xvxhZIo9nE52T9P8306hBeSSupg=",
      "requires": {
        "asn1": "0.2.3",
        "assert-plus": "1.0.0",
        "bcrypt-pbkdf": "1.0.2",
        "dashdash": "1.14.1",
        "ecc-jsbn": "0.1.1",
        "getpass": "0.1.7",
        "jsbn": "0.1.1",
        "safer-buffer": "2.1.2",
        "tweetnacl": "0.14.5"
      }
    },
    "stream-events": {
      "version": "1.0.4",
      "resolved": "https://registry.npmjs.org/stream-events/-/stream-events-1.0.4.tgz",
      "integrity": "sha512-D243NJaYs/xBN2QnoiMDY7IesJFIK7gEhnvAYqJa5JvDdnh2dC4qDBwlCf0ohPpX2QRlA/4gnbnPd3rs3KxVcA==",
      "requires": {
        "stubs": "3.0.0"
      }
    },
    "stream-shift": {
      "version": "1.0.0",
      "resolved": "https://registry.npmjs.org/stream-shift/-/stream-shift-1.0.0.tgz",
      "integrity": "sha1-1cdSgl5TZ+eG944Y5EXqIjoVWVI="
    },
    "string_decoder": {
      "version": "0.10.31",
      "resolved": "https://registry.npmjs.org/string_decoder/-/string_decoder-0.10.31.tgz",
      "integrity": "sha1-YuIDvEF2bGwoyfyEMB2rHFMQ+pQ="
    },
    "string-format-obj": {
      "version": "1.1.1",
      "resolved": "https://registry.npmjs.org/string-format-obj/-/string-format-obj-1.1.1.tgz",
      "integrity": "sha512-Mm+sROy+pHJmx0P/0Bs1uxIX6UhGJGj6xDGQZ5zh9v/SZRmLGevp+p0VJxV7lirrkAmQ2mvva/gHKpnF/pTb+Q=="
    },
    "stubs": {
      "version": "3.0.0",
      "resolved": "https://registry.npmjs.org/stubs/-/stubs-3.0.0.tgz",
      "integrity": "sha1-6NK6H6nJBXAwPAMLaQD31fiavls="
    },
    "supports-color": {
      "version": "1.2.0",
      "resolved": "https://registry.npmjs.org/supports-color/-/supports-color-1.2.0.tgz",
      "integrity": "sha1-/x7R5hFp0Gs88tWI4YixjYhH4X4="
    },
    "through2": {
      "version": "2.0.3",
      "resolved": "https://registry.npmjs.org/through2/-/through2-2.0.3.tgz",
      "integrity": "sha1-AARWmzfHx0ujnEPzzteNGtlBQL4=",
      "requires": {
        "readable-stream": "2.3.6",
        "xtend": "4.0.1"
      },
      "dependencies": {
        "process-nextick-args": {
          "version": "2.0.0",
          "resolved": "https://registry.npmjs.org/process-nextick-args/-/process-nextick-args-2.0.0.tgz",
          "integrity": "sha512-MtEC1TqN0EU5nephaJ4rAtThHtC86dNN9qCuEhtshvpVBkAW5ZO7BASN9REnF9eoXGcRub+pFuKEpOHE+HbEMw=="
        },
        "readable-stream": {
          "version": "2.3.6",
          "resolved": "https://registry.npmjs.org/readable-stream/-/readable-stream-2.3.6.tgz",
          "integrity": "sha512-tQtKA9WIAhBF3+VLAseyMqZeBjW0AHJoxOtYqSUZNJxauErmLbVm2FW1y+J/YA9dUrAC39ITejlZWhVIwawkKw==",
          "requires": {
            "core-util-is": "1.0.2",
            "inherits": "2.0.3",
            "isarray": "1.0.0",
            "process-nextick-args": "2.0.0",
            "safe-buffer": "5.1.2",
            "string_decoder": "1.1.1",
            "util-deprecate": "1.0.2"
          }
        },
        "string_decoder": {
          "version": "1.1.1",
          "resolved": "https://registry.npmjs.org/string_decoder/-/string_decoder-1.1.1.tgz",
          "integrity": "sha512-n/ShnvDi6FHbbVfviro+WojiFzv+s8MPMHBczVePfUpDJLwoLT0ht1l4YwBCbi8pJAveEEdnkHyPyTP/mzRfwg==",
          "requires": {
            "safe-buffer": "5.1.2"
          }
        }
      }
    },
    "tough-cookie": {
      "version": "2.3.4",
      "resolved": "https://registry.npmjs.org/tough-cookie/-/tough-cookie-2.3.4.tgz",
      "integrity": "sha512-TZ6TTfI5NtZnuyy/Kecv+CnoROnyXn2DN97LontgQpCwsX2XyLYCC0ENhYkehSOwAp8rTQKc/NUIF7BkQ5rKLA==",
      "requires": {
        "punycode": "1.4.1"
      },
      "dependencies": {
        "punycode": {
          "version": "1.4.1",
          "resolved": "https://registry.npmjs.org/punycode/-/punycode-1.4.1.tgz",
          "integrity": "sha1-wNWmOycYgArY4esPpSachN1BhF4="
        }
      }
    },
    "tunnel-agent": {
      "version": "0.6.0",
      "resolved": "https://registry.npmjs.org/tunnel-agent/-/tunnel-agent-0.6.0.tgz",
      "integrity": "sha1-J6XeoGs2sEoKmWZ3SykIaPD8QP0=",
      "requires": {
        "safe-buffer": "5.1.2"
      }
    },
    "tweetnacl": {
      "version": "0.14.5",
      "resolved": "https://registry.npmjs.org/tweetnacl/-/tweetnacl-0.14.5.tgz",
      "integrity": "sha1-WuaBd/GS1EViadEIr6k/+HQ/T2Q=",
      "optional": true
    },
    "typedarray": {
      "version": "0.0.6",
      "resolved": "https://registry.npmjs.org/typedarray/-/typedarray-0.0.6.tgz",
      "integrity": "sha1-hnrHTjhkGHsdPUfZlqeOxciDB3c="
    },
    "underscore": {
      "version": "1.8.3",
      "resolved": "https://registry.npmjs.org/underscore/-/underscore-1.8.3.tgz",
      "integrity": "sha1-Tz+1OxBuYJf8+ctBCfKl6b36UCI="
    },
    "unique-string": {
      "version": "1.0.0",
      "resolved": "https://registry.npmjs.org/unique-string/-/unique-string-1.0.0.tgz",
      "integrity": "sha1-nhBXzKhRq7kzmPizOuGHuZyuwRo=",
      "requires": {
        "crypto-random-string": "1.0.0"
      }
    },
    "url": {
      "version": "0.10.3",
      "resolved": "https://registry.npmjs.org/url/-/url-0.10.3.tgz",
      "integrity": "sha1-Ah5NnHcF8hu/N9A861h2dAJ3TGQ=",
      "requires": {
        "punycode": "1.3.2",
        "querystring": "0.2.0"
      }
    },
    "util-deprecate": {
      "version": "1.0.2",
      "resolved": "https://registry.npmjs.org/util-deprecate/-/util-deprecate-1.0.2.tgz",
      "integrity": "sha1-RQ1Nyfpw3nMnYvvS1KKJgUGaDM8="
    },
    "uuid": {
      "version": "3.0.0",
      "resolved": "https://registry.npmjs.org/uuid/-/uuid-3.0.0.tgz",
      "integrity": "sha1-Zyj8BFnEUNeWqZwxg3VpvfZy1yg="
    },
    "validator": {
      "version": "9.4.1",
      "resolved": "https://registry.npmjs.org/validator/-/validator-9.4.1.tgz",
      "integrity": "sha512-YV5KjzvRmSyJ1ee/Dm5UED0G+1L4GZnLN3w6/T+zZm8scVua4sOhYKWTUrKa0H/tMiJyO9QLHMPN+9mB/aMunA=="
    },
    "verror": {
      "version": "1.10.0",
      "resolved": "https://registry.npmjs.org/verror/-/verror-1.10.0.tgz",
      "integrity": "sha1-OhBcoXBTr1XW4nDB+CiGguGNpAA=",
      "requires": {
        "assert-plus": "1.0.0",
        "core-util-is": "1.0.2",
        "extsprintf": "1.3.0"
      }
    },
    "wrappy": {
      "version": "1.0.2",
      "resolved": "https://registry.npmjs.org/wrappy/-/wrappy-1.0.2.tgz",
      "integrity": "sha1-tSQ9jz7BqjXxNkYFvA0QNuMKtp8="
    },
    "write-file-atomic": {
      "version": "2.3.0",
      "resolved": "https://registry.npmjs.org/write-file-atomic/-/write-file-atomic-2.3.0.tgz",
      "integrity": "sha512-xuPeK4OdjWqtfi59ylvVL0Yn35SF3zgcAcv7rBPFHVaEapaDr4GdGgm3j7ckTwH9wHL7fGmgfAnb0+THrHb8tA==",
      "requires": {
        "graceful-fs": "4.1.11",
        "imurmurhash": "0.1.4",
        "signal-exit": "3.0.2"
      },
      "dependencies": {
        "graceful-fs": {
          "version": "4.1.11",
          "resolved": "https://registry.npmjs.org/graceful-fs/-/graceful-fs-4.1.11.tgz",
          "integrity": "sha1-Dovf5NHduIVNZOBOp8AOKgJuVlg="
        }
      }
    },
    "xdg-basedir": {
      "version": "3.0.0",
      "resolved": "https://registry.npmjs.org/xdg-basedir/-/xdg-basedir-3.0.0.tgz",
      "integrity": "sha1-SWsswQnsqNus/i3HK2A8F8WHCtQ="
    },
    "xml2js": {
      "version": "0.4.15",
      "resolved": "https://registry.npmjs.org/xml2js/-/xml2js-0.4.15.tgz",
      "integrity": "sha1-lc0D/y3RROwovGJzvysokMWBrQw=",
      "requires": {
        "sax": "1.1.5",
        "xmlbuilder": "2.6.2"
      }
    },
    "xmlbuilder": {
      "version": "2.6.2",
      "resolved": "https://registry.npmjs.org/xmlbuilder/-/xmlbuilder-2.6.2.tgz",
      "integrity": "sha1-+Rb20Q1F3BcbG+Lm5nP7bgzDXQo=",
      "requires": {
        "lodash": "3.5.0"
      },
      "dependencies": {
        "lodash": {
          "version": "3.5.0",
          "resolved": "https://registry.npmjs.org/lodash/-/lodash-3.5.0.tgz",
          "integrity": "sha1-Gbs/TVEnjwuMgY7RRcdOz5/kDm0="
        }
      }
    },
    "xtend": {
      "version": "4.0.1",
      "resolved": "https://registry.npmjs.org/xtend/-/xtend-4.0.1.tgz",
      "integrity": "sha1-pcbVMr5lbiPbgg77lDofBJmNY68="
    },
    "yallist": {
      "version": "2.1.2",
      "resolved": "https://registry.npmjs.org/yallist/-/yallist-2.1.2.tgz",
      "integrity": "sha1-HBH5IY8HYImkfdUS+TxmmaaoHVI="
    }
  }
}
